
Microsoft Visual Studio Solution File, Format Version 12.00
# Visual Studio Version 16
VisualStudioVersion = 16.6.30114.105
MinimumVisualStudioVersion = 10.0.40219.1
Project("{2150E333-8FDC-42A3-9474-1A3956D46DE8}") = "src", "src", "{D9BAA1CC-BDB2-4217-9A44-A95FEF1141DB}"
EndProject
Project("{FAE04EC0-301F-11D3-BF4B-00C04F79EFBC}") = "Transience.Core", "src\Transience.Core\Transience.Core.csproj", "{5BC664B6-CEFF-4B0C-83AA-3A2BFABE227D}"
EndProject
Global
	GlobalSection(SolutionConfigurationPlatforms) = preSolution
		Debug|Any CPU = Debug|Any CPU
		Debug|x64 = Debug|x64
		Debug|x86 = Debug|x86
		Release|Any CPU = Release|Any CPU
		Release|x64 = Release|x64
		Release|x86 = Release|x86
	EndGlobalSection
	GlobalSection(SolutionProperties) = preSolution
		HideSolutionNode = FALSE
	EndGlobalSection
	GlobalSection(ProjectConfigurationPlatforms) = postSolution
		{5BC664B6-CEFF-4B0C-83AA-3A2BFABE227D}.Debug|Any CPU.ActiveCfg = Debug|Any CPU
		{5BC664B6-CEFF-4B0C-83AA-3A2BFABE227D}.Debug|Any CPU.Build.0 = Debug|Any CPU
		{5BC664B6-CEFF-4B0C-83AA-3A2BFABE227D}.Debug|x64.ActiveCfg = Debug|Any CPU
		{5BC664B6-CEFF-4B0C-83AA-3A2BFABE227D}.Debug|x64.Build.0 = Debug|Any CPU
		{5BC664B6-CEFF-4B0C-83AA-3A2BFABE227D}.Debug|x86.ActiveCfg = Debug|Any CPU
		{5BC664B6-CEFF-4B0C-83AA-3A2BFABE227D}.Debug|x86.Build.0 = Debug|Any CPU
		{5BC664B6-CEFF-4B0C-83AA-3A2BFABE227D}.Release|Any CPU.ActiveCfg = Release|Any CPU
		{5BC664B6-CEFF-4B0C-83AA-3A2BFABE227D}.Release|Any CPU.Build.0 = Release|Any CPU
		{5BC664B6-CEFF-4B0C-83AA-3A2BFABE227D}.Release|x64.ActiveCfg = Release|Any CPU
		{5BC664B6-CEFF-4B0C-83AA-3A2BFABE227D}.Release|x64.Build.0 = Release|Any CPU
		{5BC664B6-CEFF-4B0C-83AA-3A2BFABE227D}.Release|x86.ActiveCfg = Release|Any CPU
		{5BC664B6-CEFF-4B0C-83AA-3A2BFABE227D}.Release|x86.Build.0 = Release|Any CPU
	EndGlobalSection
	GlobalSection(NestedProjects) = preSolution
		{5BC664B6-CEFF-4B0C-83AA-3A2BFABE227D} = {D9BAA1CC-BDB2-4217-9A44-A95FEF1141DB}
	EndGlobalSection
EndGlobal
